# THIS IS AN AUTOGENERATED FILE. DO NOT EDIT THIS FILE DIRECTLY.
# yarn lockfile v1


"@types/common-tags@^1.8.0":
  version "1.8.0"
  resolved "https://registry.yarnpkg.com/@types/common-tags/-/common-tags-1.8.0.tgz#79d55e748d730b997be5b7fce4b74488d8b26a6b"
  integrity sha512-htRqZr5qn8EzMelhX/Xmx142z218lLyGaeZ3YR8jlze4TATRU9huKKvuBmAJEW4LCC4pnY1N6JAm6p85fMHjhg==

"@types/node@^15.12.4":
  version "15.12.4"
  resolved "https://registry.yarnpkg.com/@types/node/-/node-15.12.4.tgz#e1cf817d70a1e118e81922c4ff6683ce9d422e26"
  integrity sha512-zrNj1+yqYF4WskCMOHwN+w9iuD12+dGm0rQ35HLl9/Ouuq52cEtd0CH9qMgrdNmi5ejC1/V7vKEXYubB+65DkA==

"@vk-io/hear@^1.1.0":
  version "1.1.0"
  resolved "https://registry.yarnpkg.com/@vk-io/hear/-/hear-1.1.0.tgz#3f415999499306cfc24f52af126d3d05a0f5b59c"
  integrity sha512-L2Jfn+L9otrnxbZSt6K10nCnF/KyLrFuuEYufx03Y+HOSoq6cIIopKtPLPfMH7lqVg/0iLZ3jTqzbG+qOi4YuQ==
  dependencies:
    middleware-io "^2.6.0"

"@vk-io/session@^2.1.0":
  version "2.1.0"
  resolved "https://registry.yarnpkg.com/@vk-io/session/-/session-2.1.0.tgz#5565d98c6e762ce2e11f7157dbf0fcba463bfbed"
  integrity sha512-HZwodlEz/WCR+5ILWNbRE/oebEYywNSk4uN5Ax15Ma72+bnuWXDu3HTABOo2qKXK3G/UOavE0Q5tWlt5Tmt9Jg==

abort-controller@^3.0.0:
  version "3.0.0"
  resolved "https://registry.yarnpkg.com/abort-controller/-/abort-controller-3.0.0.tgz#eaf54d53b62bae4138e809ca225c8439a6efb392"
  integrity sha512-h8lQ8tacZYnR3vNQTgibj+tODHI5/+l06Au2Pcriv/Gmet0eaj4TwWH41sO9wnHDiQsEj19q0drzdWdeAHtweg==
  dependencies:
    event-target-shim "^5.0.0"

common-tags@^1.8.0:
  version "1.8.0"
  resolved "https://registry.yarnpkg.com/common-tags/-/common-tags-1.8.0.tgz#8e3153e542d4a39e9b10554434afaaf98956a937"
  integrity sha512-6P6g0uetGpW/sdyUy/iQQCbFF0kWVMSIVSyYz7Zgjcgh8mgw8PQzDNZeyZ5DQ2gM7LBoZPHmnjz8rUthkBG5tw==

debug@^4.3.1:
  version "4.3.1"
  resolved "https://registry.yarnpkg.com/debug/-/debug-4.3.1.tgz#f0d229c505e0c6d8c49ac553d1b13dc183f6b2ee"
  integrity sha512-doEwdvm4PCeK4K3RQN2ZC2BYUBaxwLARCqZmMjtF8a51J2Rb0xpVloFRnCODwqjpwnAoao4pelN8l3RJdv3gRQ==
  dependencies:
    ms "2.1.2"

domexception@2.0.1:
  version "2.0.1"
  resolved "https://registry.yarnpkg.com/domexception/-/domexception-2.0.1.tgz#fb44aefba793e1574b0af6aed2801d057529f304"
  integrity sha512-yxJ2mFy/sibVQlu5qHjOkf9J3K6zgmCxgJ94u2EdvDOV09H+32LtRswEcUsmUWN72pVLOEnTSRaIVVzVQgS0dg==
  dependencies:
    webidl-conversions "^5.0.0"

event-target-shim@^5.0.0:
  version "5.0.1"
  resolved "https://registry.yarnpkg.com/event-target-shim/-/event-target-shim-5.0.1.tgz#5d4d3ebdf9583d63a5333ce2deb7480ab2b05789"
  integrity sha512-i/2XbnSz/uxRCU6+NdVJgKWDTM427+MqYbkQzD321DuCQJUqOuJKIA0IM2+W2xtYHdKOmZ4dR6fExsd4SXL+WQ==

fetch-blob@2.1.2:
  version "2.1.2"
  resolved "https://registry.yarnpkg.com/fetch-blob/-/fetch-blob-2.1.2.tgz#a7805db1361bd44c1ef62bb57fb5fe8ea173ef3c"
  integrity sha512-YKqtUDwqLyfyMnmbw8XD6Q8j9i/HggKtPEI+pZ1+8bvheBu78biSmNaXWusx1TauGqtUUGx/cBb1mKdq2rLYow==

form-data-encoder@^1.0.0:
  version "1.0.1"
  resolved "https://registry.yarnpkg.com/form-data-encoder/-/form-data-encoder-1.0.1.tgz#4a678a5a06e2cb1bd9f2bf2f644fe06cd6f5c25e"
  integrity sha512-sCHYvVRBIe2iGx30O8g0H8c5O0j1AdnPPO9IWYLIq3nZqBOa6rO+0mipXk+gqTDj9fSQ1Dm/pItxF5QW+B5faQ==
  dependencies:
    nanoid "3.1.23"

formdata-node@^3.5.4:
  version "3.5.4"
  resolved "https://registry.yarnpkg.com/formdata-node/-/formdata-node-3.5.4.tgz#f96a1666fe31ccdfe7c46f320c7c52f522b6490e"
  integrity sha512-1uQGEK8LbsFaNW1pHFnYnK5+BBQkZWB+yEyZrNthh3Ud+zXsHQW0DhuamOWosQuyq1FY7YfZY+xOvyjl5mIaSw==
  dependencies:
    domexception "2.0.1"
    fetch-blob "2.1.2"
    mime-types "2.1.31"

inspectable@^1.2.0:
  version "1.2.0"
  resolved "https://registry.yarnpkg.com/inspectable/-/inspectable-1.2.0.tgz#c4e43c4a81534cfb166a06668a4ebfb8ea1dae65"
  integrity sha512-5czj8MJaTEL6xO7YmIwNPxrJQI+caxU9a2JcaN/0tVpkMZfKTh5FK+OafsMtnpBT4ekxcaHZOW3+DrluBVaLOQ==

middleware-io@^2.6.0, middleware-io@^2.8.0:
  version "2.8.0"
  resolved "https://registry.yarnpkg.com/middleware-io/-/middleware-io-2.8.0.tgz#6eab728b33d56e4544ca33a80a8d985b8b6fe39b"
  integrity sha512-0H1cmtQwo2GGhfpTeoqcN/tdJNoCgZ5QVPK7xRMEkiL1mYzEF3bEQt8AMDJ6OAV0bUNU/c8nL5lRymdkLPRb9w==

mime-db@1.48.0:
  version "1.48.0"
  resolved "https://registry.yarnpkg.com/mime-db/-/mime-db-1.48.0.tgz#e35b31045dd7eada3aaad537ed88a33afbef2d1d"
  integrity sha512-FM3QwxV+TnZYQ2aRqhlKBMHxk10lTbMt3bBkMAp54ddrNeVSfcQYOOKuGuy3Ddrm38I04If834fOUSq1yzslJQ==

mime-types@2.1.31:
  version "2.1.31"
  resolved "https://registry.yarnpkg.com/mime-types/-/mime-types-2.1.31.tgz#a00d76b74317c61f9c2db2218b8e9f8e9c5c9e6b"
  integrity sha512-XGZnNzm3QvgKxa8dpzyhFTHmpP3l5YNusmne07VUOXxou9CqUqYa/HBy124RqtVh/O2pECas/MOcsDgpilPOPg==
  dependencies:
    mime-db "1.48.0"

ms@2.1.2:
  version "2.1.2"
  resolved "https://registry.yarnpkg.com/ms/-/ms-2.1.2.tgz#d09d1f357b443f493382a8eb3ccd183872ae6009"
  integrity sha512-sGkPx+VjMtmA6MX27oA4FBFELFCZZ4S4XqeGOXCv68tT+jb3vk/RyaKWP0PTKyWtmLSM0b+adUTEvbs1PEaH2w==

nanoid@3.1.23:
  version "3.1.23"
  resolved "https://registry.yarnpkg.com/nanoid/-/nanoid-3.1.23.tgz#f744086ce7c2bc47ee0a8472574d5c78e4183a81"
  integrity sha512-FiB0kzdP0FFVGDKlRLEQ1BgDzU87dy5NnzjeW9YZNt+/c3+q82EQDUwniSAUxp/F0gFNI1ZhKU1FqYsMuqZVnw==

node-fetch@^2.6.1:
  version "2.6.1"
  resolved "https://registry.yarnpkg.com/node-fetch/-/node-fetch-2.6.1.tgz#045bd323631f76ed2e2b55573394416b639a0052"
  integrity sha512-V4aYg89jEoVRxRb2fJdAg8FHvI7cEyYdVAh94HH0UIK8oJxUfkjlDQN9RbMx+bEjP7+ggMiFRprSti032Oipxw==

vk-io@^4.3.1:
  version "4.3.1"
  resolved "https://registry.yarnpkg.com/vk-io/-/vk-io-4.3.1.tgz#3c18325ab9f0f41ec27daea43fdb95956b3e2cab"
  integrity sha512-ceFgfOHF3uNyy+jBDD4ZZzymcaDbBd3k1UgKWt0L02fzDqJPhQVXjy8x6OKSZXBxqEtQP/M2K3GroEqs/4PqGg==
  dependencies:
    abort-controller "^3.0.0"
    debug "^4.3.1"
    form-data-encoder "^1.0.0"
    formdata-node "^3.5.4"
    inspectable "^1.2.0"
    middleware-io "^2.8.0"
    node-fetch "^2.6.1"

webidl-conversions@^5.0.0:
  version "5.0.0"
  resolved "https://registry.yarnpkg.com/webidl-conversions/-/webidl-conversions-5.0.0.tgz#ae59c8a00b121543a2acc65c0434f57b0fc11aff"
  integrity sha512-VlZwKPCkYKxQgeSbH5EyngOmRp7Ww7I9rQLERETtf5ofd9pGeswWiOtogpEO850jziPRarreGxn5QIiTqpb2wA==
